
Microsoft Visual Studio Solution File, Format Version 12.00
# Visual Studio Version 16
VisualStudioVersion = 16.0.30907.101
MinimumVisualStudioVersion = 10.0.40219.1
Project("{FAE04EC0-301F-11D3-BF4B-00C04F79EFBC}") = "PaymentApi", "PaymentApi\PaymentApi.csproj", "{A5EDF034-E007-4A87-BED8-2C5927B4927A}"
EndProject
Global
	GlobalSection(SolutionConfigurationPlatforms) = preSolution
		Debug|Any CPU = Debug|Any CPU
		Release|Any CPU = Release|Any CPU
	EndGlobalSection
	GlobalSection(ProjectConfigurationPlatforms) = postSolution
		{A5EDF034-E007-4A87-BED8-2C5927B4927A}.Debug|Any CPU.ActiveCfg = Debug|Any CPU
		{A5EDF034-E007-4A87-BED8-2C5927B4927A}.Debug|Any CPU.Build.0 = Debug|Any CPU
		{A5EDF034-E007-4A87-BED8-2C5927B4927A}.Release|Any CPU.ActiveCfg = Release|Any CPU
		{A5EDF034-E007-4A87-BED8-2C5927B4927A}.Release|Any CPU.Build.0 = Release|Any CPU
	EndGlobalSection
	GlobalSection(SolutionProperties) = preSolution
		HideSolutionNode = FALSE
	EndGlobalSection
	GlobalSection(ExtensibilityGlobals) = postSolution
		SolutionGuid = {A0C7807D-B3C5-4587-9CE4-6C0024CC1818}
	EndGlobalSection
EndGlobal
